// !$*UTF8*$!
{
	archiveVersion = 1;
	classes = {
	};
	objectVersion = 56;
	objects = {

/* Begin PBXBuildFile section */
		4249ABE52ADAA4E7002E6AC4 /* PushupCounterApp.swift in Sources */ = {isa = PBXBuildFile; fileRef = 4249ABE42ADAA4E7002E6AC4 /* PushupCounterApp.swift */; };
		4249ABE72ADAA4E7002E6AC4 /* PushupCounterView.swift in Sources */ = {isa = PBXBuildFile; fileRef = 4249ABE62ADAA4E7002E6AC4 /* PushupCounterView.swift */; };
		4249ABE92ADAA4E7002E6AC4 /* Item.swift in Sources */ = {isa = PBXBuildFile; fileRef = 4249ABE82ADAA4E7002E6AC4 /* Item.swift */; };
		4249ABEB2ADAA4E8002E6AC4 /* Assets.xcassets in Resources */ = {isa = PBXBuildFile; fileRef = 4249ABEA2ADAA4E8002E6AC4 /* Assets.xcassets */; };
		4249ABEE2ADAA4E8002E6AC4 /* Preview Assets.xcassets in Resources */ = {isa = PBXBuildFile; fileRef = 4249ABED2ADAA4E8002E6AC4 /* Preview Assets.xcassets */; };
		4288DA672B2226F100AC6D95 /* PushupAppHelpView.swift in Sources */ = {isa = PBXBuildFile; fileRef = 4288DA642B2226F100AC6D95 /* PushupAppHelpView.swift */; };
		4288DA6B2B22272000AC6D95 /* LoopingVideoView.swift in Sources */ = {isa = PBXBuildFile; fileRef = 4288DA6A2B22272000AC6D95 /* LoopingVideoView.swift */; };
		429F3E5B2B2229FA00056581 /* Icon-180.png in Resources */ = {isa = PBXBuildFile; fileRef = 429F3E5A2B2229FA00056581 /* Icon-180.png */; };
		429F3E5D2B2230B100056581 /* pushup-help.mp4 in Resources */ = {isa = PBXBuildFile; fileRef = 429F3E5C2B2230B100056581 /* pushup-help.mp4 */; };
		42ED6BF72B1275C8009A124D /* DepthChecker.mm in Sources */ = {isa = PBXBuildFile; fileRef = 42ED6BF62B1275C8009A124D /* DepthChecker.mm */; };
/* End PBXBuildFile section */

/* Begin PBXFileReference section */
		4249ABE12ADAA4E7002E6AC4 /* PushupCounter.app */ = {isa = PBXFileReference; explicitFileType = wrapper.application; includeInIndex = 0; path = PushupCounter.app; sourceTree = BUILT_PRODUCTS_DIR; };
		4249ABE42ADAA4E7002E6AC4 /* PushupCounterApp.swift */ = {isa = PBXFileReference; lastKnownFileType = sourcecode.swift; path = PushupCounterApp.swift; sourceTree = "<group>"; };
		4249ABE62ADAA4E7002E6AC4 /* PushupCounterView.swift */ = {isa = PBXFileReference; lastKnownFileType = sourcecode.swift; path = PushupCounterView.swift; sourceTree = "<group>"; };
		4249ABE82ADAA4E7002E6AC4 /* Item.swift */ = {isa = PBXFileReference; lastKnownFileType = sourcecode.swift; path = Item.swift; sourceTree = "<group>"; };
		4249ABEA2ADAA4E8002E6AC4 /* Assets.xcassets */ = {isa = PBXFileReference; lastKnownFileType = folder.assetcatalog; path = Assets.xcassets; sourceTree = "<group>"; };
		4249ABED2ADAA4E8002E6AC4 /* Preview Assets.xcassets */ = {isa = PBXFileReference; lastKnownFileType = folder.assetcatalog; path = "Preview Assets.xcassets"; sourceTree = "<group>"; };
		4249ABEF2ADAA4E8002E6AC4 /* PushupCounter.entitlements */ = {isa = PBXFileReference; lastKnownFileType = text.plist.entitlements; path = PushupCounter.entitlements; sourceTree = "<group>"; };
		4249ABF02ADAA4E8002E6AC4 /* Info.plist */ = {isa = PBXFileReference; lastKnownFileType = text.plist.xml; path = Info.plist; sourceTree = "<group>"; };
		4288DA642B2226F100AC6D95 /* PushupAppHelpView.swift */ = {isa = PBXFileReference; fileEncoding = 4; lastKnownFileType = sourcecode.swift; path = PushupAppHelpView.swift; sourceTree = "<group>"; };
		4288DA6A2B22272000AC6D95 /* LoopingVideoView.swift */ = {isa = PBXFileReference; fileEncoding = 4; lastKnownFileType = sourcecode.swift; path = LoopingVideoView.swift; sourceTree = "<group>"; };
		429F3E5A2B2229FA00056581 /* Icon-180.png */ = {isa = PBXFileReference; lastKnownFileType = image.png; name = "Icon-180.png"; path = "PushupCounter/Assets.xcassets/AppIcon.appiconset/Icon-180.png"; sourceTree = SOURCE_ROOT; };
		429F3E5C2B2230B100056581 /* pushup-help.mp4 */ = {isa = PBXFileReference; lastKnownFileType = file; name = "pushup-help.mp4"; path = "demos/app-demo-vid/pushup-help.mp4"; sourceTree = SOURCE_ROOT; };
		42ED6BF42B1275C7009A124D /* PushupCounter-Bridging-Header.h */ = {isa = PBXFileReference; lastKnownFileType = sourcecode.c.h; path = "PushupCounter-Bridging-Header.h"; sourceTree = "<group>"; };
		42ED6BF52B1275C8009A124D /* DepthChecker.h */ = {isa = PBXFileReference; lastKnownFileType = sourcecode.c.h; path = DepthChecker.h; sourceTree = "<group>"; };
		42ED6BF62B1275C8009A124D /* DepthChecker.mm */ = {isa = PBXFileReference; lastKnownFileType = sourcecode.cpp.objcpp; path = DepthChecker.mm; sourceTree = "<group>"; };
/* End PBXFileReference section */

/* Begin PBXFrameworksBuildPhase section */
		4249ABDE2ADAA4E7002E6AC4 /* Frameworks */ = {
			isa = PBXFrameworksBuildPhase;
			buildActionMask = 2147483647;
			files = (
			);
			runOnlyForDeploymentPostprocessing = 0;
		};
/* End PBXFrameworksBuildPhase section */

/* Begin PBXGroup section */
		4249ABD82ADAA4E7002E6AC4 = {
			isa = PBXGroup;
			children = (
				4249ABE32ADAA4E7002E6AC4 /* PushupCounter */,
				4249ABE22ADAA4E7002E6AC4 /* Products */,
			);
			sourceTree = "<group>";
		};
		4249ABE22ADAA4E7002E6AC4 /* Products */ = {
			isa = PBXGroup;
			children = (
				4249ABE12ADAA4E7002E6AC4 /* PushupCounter.app */,
			);
			name = Products;
			sourceTree = "<group>";
		};
		4249ABE32ADAA4E7002E6AC4 /* PushupCounter */ = {
			isa = PBXGroup;
			children = (
				4249ABE42ADAA4E7002E6AC4 /* PushupCounterApp.swift */,
				4249ABE62ADAA4E7002E6AC4 /* PushupCounterView.swift */,
				42ED6BF52B1275C8009A124D /* DepthChecker.h */,
				42ED6BF62B1275C8009A124D /* DepthChecker.mm */,
				4249ABE82ADAA4E7002E6AC4 /* Item.swift */,
				4288DA632B2226E300AC6D95 /* Help */,
				4249ABEA2ADAA4E8002E6AC4 /* Assets.xcassets */,
				4249ABEF2ADAA4E8002E6AC4 /* PushupCounter.entitlements */,
				4249ABF02ADAA4E8002E6AC4 /* Info.plist */,
				4249ABEC2ADAA4E8002E6AC4 /* Preview Content */,
				42ED6BF42B1275C7009A124D /* PushupCounter-Bridging-Header.h */,
			);
			path = PushupCounter;
			sourceTree = "<group>";
		};
		4249ABEC2ADAA4E8002E6AC4 /* Preview Content */ = {
			isa = PBXGroup;
			children = (
				4249ABED2ADAA4E8002E6AC4 /* Preview Assets.xcassets */,
			);
			path = "Preview Content";
			sourceTree = "<group>";
		};
		4288DA632B2226E300AC6D95 /* Help */ = {
			isa = PBXGroup;
			children = (
				429F3E5A2B2229FA00056581 /* Icon-180.png */,
				4288DA642B2226F100AC6D95 /* PushupAppHelpView.swift */,
				4288DA6A2B22272000AC6D95 /* LoopingVideoView.swift */,
				429F3E5C2B2230B100056581 /* pushup-help.mp4 */,
			);
			path = Help;
			sourceTree = "<group>";
		};
/* End PBXGroup section */

/* Begin PBXNativeTarget section */
		4249ABE02ADAA4E7002E6AC4 /* PushupCounter */ = {
			isa = PBXNativeTarget;
			buildConfigurationList = 4249ABF32ADAA4E8002E6AC4 /* Build configuration list for PBXNativeTarget "PushupCounter" */;
			buildPhases = (
				4249ABDD2ADAA4E7002E6AC4 /* Sources */,
				4249ABDE2ADAA4E7002E6AC4 /* Frameworks */,
				4249ABDF2ADAA4E7002E6AC4 /* Resources */,
			);
			buildRules = (
			);
			dependencies = (
			);
			name = PushupCounter;
			productName = PushupCounter;
			productReference = 4249ABE12ADAA4E7002E6AC4 /* PushupCounter.app */;
			productType = "com.apple.product-type.application";
		};
/* End PBXNativeTarget section */

/* Begin PBXProject section */
		4249ABD92ADAA4E7002E6AC4 /* Project object */ = {
			isa = PBXProject;
			attributes = {
				BuildIndependentTargetsInParallel = 1;
				LastSwiftUpdateCheck = 1510;
				LastUpgradeCheck = 1510;
				TargetAttributes = {
					4249ABE02ADAA4E7002E6AC4 = {
						CreatedOnToolsVersion = 15.1;
						LastSwiftMigration = 1500;
					};
				};
			};
			buildConfigurationList = 4249ABDC2ADAA4E7002E6AC4 /* Build configuration list for PBXProject "PushupCounter" */;
			compatibilityVersion = "Xcode 14.0";
			developmentRegion = en;
			hasScannedForEncodings = 0;
			knownRegions = (
				en,
				Base,
			);
			mainGroup = 4249ABD82ADAA4E7002E6AC4;
			productRefGroup = 4249ABE22ADAA4E7002E6AC4 /* Products */;
			projectDirPath = "";
			projectRoot = "";
			targets = (
				4249ABE02ADAA4E7002E6AC4 /* PushupCounter */,
			);
		};
/* End PBXProject section */

/* Begin PBXResourcesBuildPhase section */
		4249ABDF2ADAA4E7002E6AC4 /* Resources */ = {
			isa = PBXResourcesBuildPhase;
			buildActionMask = 2147483647;
			files = (
				429F3E5B2B2229FA00056581 /* Icon-180.png in Resources */,
				4249ABEE2ADAA4E8002E6AC4 /* Preview Assets.xcassets in Resources */,
				4249ABEB2ADAA4E8002E6AC4 /* Assets.xcassets in Resources */,
				429F3E5D2B2230B100056581 /* pushup-help.mp4 in Resources */,
			);
			runOnlyForDeploymentPostprocessing = 0;
		};
/* End PBXResourcesBuildPhase section */

/* Begin PBXSourcesBuildPhase section */
		4249ABDD2ADAA4E7002E6AC4 /* Sources */ = {
			isa = PBXSourcesBuildPhase;
			buildActionMask = 2147483647;
			files = (
				4288DA672B2226F100AC6D95 /* PushupAppHelpView.swift in Sources */,
				4249ABE72ADAA4E7002E6AC4 /* PushupCounterView.swift in Sources */,
				4249ABE92ADAA4E7002E6AC4 /* Item.swift in Sources */,
				4249ABE52ADAA4E7002E6AC4 /* PushupCounterApp.swift in Sources */,
				42ED6BF72B1275C8009A124D /* DepthChecker.mm in Sources */,
				4288DA6B2B22272000AC6D95 /* LoopingVideoView.swift in Sources */,
			);
			runOnlyForDeploymentPostprocessing = 0;
		};
/* End PBXSourcesBuildPhase section */

/* Begin XCBuildConfiguration section */
		4249ABF12ADAA4E8002E6AC4 /* Debug */ = {
			isa = XCBuildConfiguration;
			buildSettings = {
				ALWAYS_SEARCH_USER_PATHS = NO;
				ASSETCATALOG_COMPILER_GENERATE_SWIFT_ASSET_SYMBOL_EXTENSIONS = YES;
				CLANG_ANALYZER_NONNULL = YES;
				CLANG_ANALYZER_NUMBER_OBJECT_CONVERSION = YES_AGGRESSIVE;
				CLANG_CXX_LANGUAGE_STANDARD = "gnu++20";
				CLANG_ENABLE_MODULES = YES;
				CLANG_ENABLE_OBJC_ARC = YES;
				CLANG_ENABLE_OBJC_WEAK = YES;
				CLANG_WARN_BLOCK_CAPTURE_AUTORELEASING = YES;
				CLANG_WARN_BOOL_CONVERSION = YES;
				CLANG_WARN_COMMA = YES;
				CLANG_WARN_CONSTANT_CONVERSION = YES;
				CLANG_WARN_DEPRECATED_OBJC_IMPLEMENTATIONS = YES;
				CLANG_WARN_DIRECT_OBJC_ISA_USAGE = YES_ERROR;
				CLANG_WARN_DOCUMENTATION_COMMENTS = YES;
				CLANG_WARN_EMPTY_BODY = YES;
				CLANG_WARN_ENUM_CONVERSION = YES;
				CLANG_WARN_INFINITE_RECURSION = YES;
				CLANG_WARN_INT_CONVERSION = YES;
				CLANG_WARN_NON_LITERAL_NULL_CONVERSION = YES;
				CLANG_WARN_OBJC_IMPLICIT_RETAIN_SELF = YES;
				CLANG_WARN_OBJC_LITERAL_CONVERSION = YES;
				CLANG_WARN_OBJC_ROOT_CLASS = YES_ERROR;
				CLANG_WARN_QUOTED_INCLUDE_IN_FRAMEWORK_HEADER = YES;
				CLANG_WARN_RANGE_LOOP_ANALYSIS = YES;
				CLANG_WARN_STRICT_PROTOTYPES = YES;
				CLANG_WARN_SUSPICIOUS_MOVE = YES;
				CLANG_WARN_UNGUARDED_AVAILABILITY = YES_AGGRESSIVE;
				CLANG_WARN_UNREACHABLE_CODE = YES;
				CLANG_WARN__DUPLICATE_METHOD_MATCH = YES;
				COPY_PHASE_STRIP = NO;
				DEBUG_INFORMATION_FORMAT = dwarf;
				ENABLE_STRICT_OBJC_MSGSEND = YES;
				ENABLE_TESTABILITY = YES;
				ENABLE_USER_SCRIPT_SANDBOXING = YES;
				GCC_C_LANGUAGE_STANDARD = gnu17;
				GCC_DYNAMIC_NO_PIC = NO;
				GCC_NO_COMMON_BLOCKS = YES;
				GCC_OPTIMIZATION_LEVEL = 0;
				GCC_PREPROCESSOR_DEFINITIONS = (
					"DEBUG=1",
					"$(inherited)",
				);
				GCC_WARN_64_TO_32_BIT_CONVERSION = YES;
				GCC_WARN_ABOUT_RETURN_TYPE = YES_ERROR;
				GCC_WARN_UNDECLARED_SELECTOR = YES;
				GCC_WARN_UNINITIALIZED_AUTOS = YES_AGGRESSIVE;
				GCC_WARN_UNUSED_FUNCTION = YES;
				GCC_WARN_UNUSED_VARIABLE = YES;
				IPHONEOS_DEPLOYMENT_TARGET = 14.0;
				LOCALIZATION_PREFERS_STRING_CATALOGS = YES;
				MTL_ENABLE_DEBUG_INFO = INCLUDE_SOURCE;
				MTL_FAST_MATH = YES;
				ONLY_ACTIVE_ARCH = YES;
				SDKROOT = iphoneos;
				SWIFT_ACTIVE_COMPILATION_CONDITIONS = "DEBUG $(inherited)";
				SWIFT_OPTIMIZATION_LEVEL = "-Onone";
			};
			name = Debug;
		};
		4249ABF22ADAA4E8002E6AC4 /* Release */ = {
			isa = XCBuildConfiguration;
			buildSettings = {
				ALWAYS_SEARCH_USER_PATHS = NO;
				ASSETCATALOG_COMPILER_GENERATE_SWIFT_ASSET_SYMBOL_EXTENSIONS = YES;
				CLANG_ANALYZER_NONNULL = YES;
				CLANG_ANALYZER_NUMBER_OBJECT_CONVERSION = YES_AGGRESSIVE;
				CLANG_CXX_LANGUAGE_STANDARD = "gnu++20";
				CLANG_ENABLE_MODULES = YES;
				CLANG_ENABLE_OBJC_ARC = YES;
				CLANG_ENABLE_OBJC_WEAK = YES;
				CLANG_WARN_BLOCK_CAPTURE_AUTORELEASING = YES;
				CLANG_WARN_BOOL_CONVERSION = YES;
				CLANG_WARN_COMMA = YES;
				CLANG_WARN_CONSTANT_CONVERSION = YES;
				CLANG_WARN_DEPRECATED_OBJC_IMPLEMENTATIONS = YES;
				CLANG_WARN_DIRECT_OBJC_ISA_USAGE = YES_ERROR;
				CLANG_WARN_DOCUMENTATION_COMMENTS = YES;
				CLANG_WARN_EMPTY_BODY = YES;
				CLANG_WARN_ENUM_CONVERSION = YES;
				CLANG_WARN_INFINITE_RECURSION = YES;
				CLANG_WARN_INT_CONVERSION = YES;
				CLANG_WARN_NON_LITERAL_NULL_CONVERSION = YES;
				CLANG_WARN_OBJC_IMPLICIT_RETAIN_SELF = YES;
				CLANG_WARN_OBJC_LITERAL_CONVERSION = YES;
				CLANG_WARN_OBJC_ROOT_CLASS = YES_ERROR;
				CLANG_WARN_QUOTED_INCLUDE_IN_FRAMEWORK_HEADER = YES;
				CLANG_WARN_RANGE_LOOP_ANALYSIS = YES;
				CLANG_WARN_STRICT_PROTOTYPES = YES;
				CLANG_WARN_SUSPICIOUS_MOVE = YES;
				CLANG_WARN_UNGUARDED_AVAILABILITY = YES_AGGRESSIVE;
				CLANG_WARN_UNREACHABLE_CODE = YES;
				CLANG_WARN__DUPLICATE_METHOD_MATCH = YES;
				COPY_PHASE_STRIP = NO;
				DEBUG_INFORMATION_FORMAT = "dwarf-with-dsym";
				ENABLE_NS_ASSERTIONS = NO;
				ENABLE_STRICT_OBJC_MSGSEND = YES;
				ENABLE_USER_SCRIPT_SANDBOXING = YES;
				GCC_C_LANGUAGE_STANDARD = gnu17;
				GCC_NO_COMMON_BLOCKS = YES;
				GCC_WARN_64_TO_32_BIT_CONVERSION = YES;
				GCC_WARN_ABOUT_RETURN_TYPE = YES_ERROR;
				GCC_WARN_UNDECLARED_SELECTOR = YES;
				GCC_WARN_UNINITIALIZED_AUTOS = YES_AGGRESSIVE;
				GCC_WARN_UNUSED_FUNCTION = YES;
				GCC_WARN_UNUSED_VARIABLE = YES;
				IPHONEOS_DEPLOYMENT_TARGET = 14.0;
				LOCALIZATION_PREFERS_STRING_CATALOGS = YES;
				MTL_ENABLE_DEBUG_INFO = NO;
				MTL_FAST_MATH = YES;
				SDKROOT = iphoneos;
				SWIFT_COMPILATION_MODE = wholemodule;
				VALIDATE_PRODUCT = YES;
			};
			name = Release;
		};
		4249ABF42ADAA4E8002E6AC4 /* Debug */ = {
			isa = XCBuildConfiguration;
			buildSettings = {
				ASSETCATALOG_COMPILER_APPICON_NAME = AppIcon;
				ASSETCATALOG_COMPILER_GLOBAL_ACCENT_COLOR_NAME = AccentColor;
				CLANG_ENABLE_MODULES = YES;
				CODE_SIGN_ENTITLEMENTS = PushupCounter/PushupCounter.entitlements;
				CODE_SIGN_STYLE = Automatic;
				CURRENT_PROJECT_VERSION = 1;
				DEVELOPMENT_ASSET_PATHS = "\"PushupCounter/Preview Content\"";
				DEVELOPMENT_TEAM = 34FWY7G2HB;
				ENABLE_PREVIEWS = YES;
				GENERATE_INFOPLIST_FILE = YES;
				INFOPLIST_FILE = PushupCounter/Info.plist;
				INFOPLIST_KEY_CFBundleDisplayName = "Pushup Count";
				INFOPLIST_KEY_NSCameraUsageDescription = "The camera is used to count pushups. No camera data is stored or transmitted.";
				INFOPLIST_KEY_UIApplicationSceneManifest_Generation = YES;
				INFOPLIST_KEY_UIApplicationSupportsIndirectInputEvents = YES;
				INFOPLIST_KEY_UILaunchScreen_Generation = YES;
				INFOPLIST_KEY_UISupportedInterfaceOrientations_iPad = "UIInterfaceOrientationPortrait UIInterfaceOrientationPortraitUpsideDown UIInterfaceOrientationLandscapeLeft UIInterfaceOrientationLandscapeRight";
				INFOPLIST_KEY_UISupportedInterfaceOrientations_iPhone = "UIInterfaceOrientationPortrait UIInterfaceOrientationLandscapeLeft UIInterfaceOrientationLandscapeRight";
				IPHONEOS_DEPLOYMENT_TARGET = 16.0;
				LD_RUNPATH_SEARCH_PATHS = (
					"$(inherited)",
					"@executable_path/Frameworks",
				);
				MARKETING_VERSION = 1.1;
				PRODUCT_BUNDLE_IDENTIFIER = com.laan.labs.PushupCounter;
				PRODUCT_NAME = "$(TARGET_NAME)";
				SWIFT_EMIT_LOC_STRINGS = YES;
				SWIFT_OBJC_BRIDGING_HEADER = "PushupCounter/PushupCounter-Bridging-Header.h";
				SWIFT_OPTIMIZATION_LEVEL = "-Onone";
				SWIFT_VERSION = 5.0;
				TARGETED_DEVICE_FAMILY = "1,2";
			};
			name = Debug;
		};
		4249ABF52ADAA4E8002E6AC4 /* Release */ = {
			isa = XCBuildConfiguration;
			buildSettings = {
				ASSETCATALOG_COMPILER_APPICON_NAME = AppIcon;
				ASSETCATALOG_COMPILER_GLOBAL_ACCENT_COLOR_NAME = AccentColor;
				CLANG_ENABLE_MODULES = YES;
				CODE_SIGN_ENTITLEMENTS = PushupCounter/PushupCounter.entitlements;
				CODE_SIGN_STYLE = Automatic;
				CURRENT_PROJECT_VERSION = 1;
				DEVELOPMENT_ASSET_PATHS = "\"PushupCounter/Preview Content\"";
				DEVELOPMENT_TEAM = 34FWY7G2HB;
				ENABLE_PREVIEWS = YES;
				GENERATE_INFOPLIST_FILE = YES;
				INFOPLIST_FILE = PushupCounter/Info.plist;
				INFOPLIST_KEY_CFBundleDisplayName = "Pushup Count";
				INFOPLIST_KEY_NSCameraUsageDescription = "The camera is used to count pushups. No camera data is stored or transmitted.";
				INFOPLIST_KEY_UIApplicationSceneManifest_Generation = YES;
				INFOPLIST_KEY_UIApplicationSupportsIndirectInputEvents = YES;
				INFOPLIST_KEY_UILaunchScreen_Generation = YES;
				INFOPLIST_KEY_UISupportedInterfaceOrientations_iPad = "UIInterfaceOrientationPortrait UIInterfaceOrientationPortraitUpsideDown UIInterfaceOrientationLandscapeLeft UIInterfaceOrientationLandscapeRight";
				INFOPLIST_KEY_UISupportedInterfaceOrientations_iPhone = "UIInterfaceOrientationPortrait UIInterfaceOrientationLandscapeLeft UIInterfaceOrientationLandscapeRight";
				IPHONEOS_DEPLOYMENT_TARGET = 16.0;
				LD_RUNPATH_SEARCH_PATHS = (
					"$(inherited)",
					"@executable_path/Frameworks",
				);
				MARKETING_VERSION = 1.1;
				PRODUCT_BUNDLE_IDENTIFIER = com.laan.labs.PushupCounter;
				PRODUCT_NAME = "$(TARGET_NAME)";
				SWIFT_EMIT_LOC_STRINGS = YES;
				SWIFT_OBJC_BRIDGING_HEADER = "PushupCounter/PushupCounter-Bridging-Header.h";
				SWIFT_VERSION = 5.0;
				TARGETED_DEVICE_FAMILY = "1,2";
			};
			name = Release;
		};
/* End XCBuildConfiguration section */

/* Begin XCConfigurationList section */
		4249ABDC2ADAA4E7002E6AC4 /* Build configuration list for PBXProject "PushupCounter" */ = {
			isa = XCConfigurationList;
			buildConfigurations = (
				4249ABF12ADAA4E8002E6AC4 /* Debug */,
				4249ABF22ADAA4E8002E6AC4 /* Release */,
			);
			defaultConfigurationIsVisible = 0;
			defaultConfigurationName = Release;
		};
		4249ABF32ADAA4E8002E6AC4 /* Build configuration list for PBXNativeTarget "PushupCounter" */ = {
			isa = XCConfigurationList;
			buildConfigurations = (
				4249ABF42ADAA4E8002E6AC4 /* Debug */,
				4249ABF52ADAA4E8002E6AC4 /* Release */,
			);
			defaultConfigurationIsVisible = 0;
			defaultConfigurationName = Release;
		};
/* End XCConfigurationList section */
	};
	rootObject = 4249ABD92ADAA4E7002E6AC4 /* Project object */;
}
